# THIS IS AN AUTOGENERATED FILE. DO NOT EDIT THIS FILE DIRECTLY.
# yarn lockfile v1


"@types/glob@^7.1.3":
  "integrity" "sha512-SEYeGAIQIQX8NN6LDKprLjbrd5dARM5EXsd8GI/A5l0apYI1fGMWgPHSe4ZKL4eozlAyI+doUE9XbYS4xCkQ1w=="
  "resolved" "https://registry.yarnpkg.com/@types/glob/-/glob-7.1.3.tgz"
  "version" "7.1.3"
  dependencies:
    "@types/minimatch" "*"
    "@types/node" "*"

"@types/minimatch@*":
  "integrity" "sha512-1z8k4wzFnNjVK/tlxvrWuK5WMt6mydWWP7+zvH5eFep4oj+UkrfiJTRtjCeBXNpwaA/FYqqtb4/QS4ianFpIRA=="
  "resolved" "https://registry.yarnpkg.com/@types/minimatch/-/minimatch-3.0.4.tgz"
  "version" "3.0.4"

"@types/node@*":
  "integrity" "sha512-XYmBiy+ohOR4Lh5jE379fV2IU+6Jn4g5qASinhitfyO71b/sCo6MKsMLF5tc7Zf2CE8hViVQyYSobJNke8OvUw=="
  "resolved" "https://registry.yarnpkg.com/@types/node/-/node-14.14.37.tgz"
  "version" "14.14.37"

"@types/validator@^13.1.3":
  "integrity" "sha512-DaOWN1zf7j+8nHhqXhIgNmS+ltAC53NXqGxYuBhWqWgqolRhddKzfZU814lkHQSTG0IUfQxU7Cg0gb8fFWo2mA=="
  "resolved" "https://registry.npmjs.org/@types/validator/-/validator-13.1.3.tgz"
  "version" "13.1.3"

"class-validator@^0.13.1":
  "integrity" "sha512-zWIeYFhUitvAHBwNhDdCRK09hWx+P0HUwFE8US8/CxFpMVzkUK8RJl7yOIE+BVu2lxyPNgeOaFv78tLE47jBIg=="
  "resolved" "https://registry.npmjs.org/class-validator/-/class-validator-0.13.1.tgz"
  "version" "0.13.1"
  dependencies:
    "@types/validator" "^13.1.3"
    "libphonenumber-js" "^1.9.7"
    "validator" "^13.5.2"

"libphonenumber-js@^1.9.7":
  "integrity" "sha512-PaHT7nTtnejZ0HHekAaA0olv6BUTKZGtKM4SCQS0yE3XjFuVo/tjePMHUAr32FKwIZfyPky1ExMUuaiBAUmV6w=="
  "resolved" "https://registry.npmjs.org/libphonenumber-js/-/libphonenumber-js-1.9.16.tgz"
  "version" "1.9.16"

"reflect-metadata@^0.1.10":
  "integrity" "sha512-Ts1Y/anZELhSsjMcU605fU9RE4Oi3p5ORujwbIKXfWa+0Zxs510Qrmrce5/Jowq3cHSZSJqBjypxmHarc+vEWg=="
  "resolved" "https://registry.yarnpkg.com/reflect-metadata/-/reflect-metadata-0.1.13.tgz"
  "version" "0.1.13"

"typescript@^4.2.4":
  "integrity" "sha512-V+evlYHZnQkaz8TRBuxTA92yZBPotr5H+WhQ7bD3hZUndx5tGOa1fuCgeSjxAzM1RiN5IzvadIXTVefuuwZCRg=="
  "resolved" "https://registry.yarnpkg.com/typescript/-/typescript-4.2.4.tgz"
  "version" "4.2.4"

"validator@^13.5.2":
  "integrity" "sha512-mD45p0rvHVBlY2Zuy3F3ESIe1h5X58GPfAtslBjY7EtTqGquZTj+VX/J4RnHWN8FKq0C9WRVt1oWAcytWRuYLQ=="
  "resolved" "https://registry.npmjs.org/validator/-/validator-13.5.2.tgz"
  "version" "13.5.2"
